
Microsoft Visual Studio Solution File, Format Version 12.00
# Visual Studio Version 16
VisualStudioVersion = 16.0.31911.196
MinimumVisualStudioVersion = 10.0.40219.1
Project("{FAE04EC0-301F-11D3-BF4B-00C04F79EFBC}") = "P512_DataTransfer", "P512_DataTransfer\P512_DataTransfer.csproj", "{602937B6-FE12-4481-A5E0-B18CC00CEF61}"
EndProject
Project("{FAE04EC0-301F-11D3-BF4B-00C04F79EFBC}") = "P512_FronttoBack", "P512_FronttoBack\P512_FronttoBack.csproj", "{6719DEF2-D961-4EE5-8423-72952BBA96D2}"
EndProject
Project("{FAE04EC0-301F-11D3-BF4B-00C04F79EFBC}") = "CleanBlog", "CleanBlog\CleanBlog.csproj", "{AEBA03C9-4EED-4262-A555-45BE4E04282F}"
EndProject
Global
	GlobalSection(SolutionConfigurationPlatforms) = preSolution
		Debug|Any CPU = Debug|Any CPU
		Release|Any CPU = Release|Any CPU
	EndGlobalSection
	GlobalSection(ProjectConfigurationPlatforms) = postSolution
		{602937B6-FE12-4481-A5E0-B18CC00CEF61}.Debug|Any CPU.ActiveCfg = Debug|Any CPU
		{602937B6-FE12-4481-A5E0-B18CC00CEF61}.Debug|Any CPU.Build.0 = Debug|Any CPU
		{602937B6-FE12-4481-A5E0-B18CC00CEF61}.Release|Any CPU.ActiveCfg = Release|Any CPU
		{602937B6-FE12-4481-A5E0-B18CC00CEF61}.Release|Any CPU.Build.0 = Release|Any CPU
		{6719DEF2-D961-4EE5-8423-72952BBA96D2}.Debug|Any CPU.ActiveCfg = Debug|Any CPU
		{6719DEF2-D961-4EE5-8423-72952BBA96D2}.Debug|Any CPU.Build.0 = Debug|Any CPU
		{6719DEF2-D961-4EE5-8423-72952BBA96D2}.Release|Any CPU.ActiveCfg = Release|Any CPU
		{6719DEF2-D961-4EE5-8423-72952BBA96D2}.Release|Any CPU.Build.0 = Release|Any CPU
		{AEBA03C9-4EED-4262-A555-45BE4E04282F}.Debug|Any CPU.ActiveCfg = Debug|Any CPU
		{AEBA03C9-4EED-4262-A555-45BE4E04282F}.Debug|Any CPU.Build.0 = Debug|Any CPU
		{AEBA03C9-4EED-4262-A555-45BE4E04282F}.Release|Any CPU.ActiveCfg = Release|Any CPU
		{AEBA03C9-4EED-4262-A555-45BE4E04282F}.Release|Any CPU.Build.0 = Release|Any CPU
	EndGlobalSection
	GlobalSection(SolutionProperties) = preSolution
		HideSolutionNode = FALSE
	EndGlobalSection
	GlobalSection(ExtensibilityGlobals) = postSolution
		SolutionGuid = {3279CDB1-91C2-4653-859D-41A8BDB33A16}
	EndGlobalSection
EndGlobal
